
Microsoft Visual Studio Solution File, Format Version 11.00
# Visual Studio 2010
Project("{FAE04EC0-301F-11D3-BF4B-00C04F79EFBC}") = "Ketchup", "Ketchup\Ketchup.csproj", "{46A72B27-5051-45EC-A651-A8A4A53320F6}"
EndProject
Project("{FAE04EC0-301F-11D3-BF4B-00C04F79EFBC}") = "Ketchup.Demo", "Ketchup.Demo\Ketchup.Demo.csproj", "{27BBE267-922F-4332-96F9-FDFC39D59907}"
EndProject
Project("{FAE04EC0-301F-11D3-BF4B-00C04F79EFBC}") = "Ketchup.Tests", "Ketchup.Tests\Ketchup.Tests.csproj", "{B96E1F34-1D3C-4CD8-8D91-8207111EAE98}"
EndProject
Global
	GlobalSection(TestCaseManagementSettings) = postSolution
		CategoryFile = Ketchup.vsmdi
	EndGlobalSection
	GlobalSection(SolutionConfigurationPlatforms) = preSolution
		Debug|Any CPU = Debug|Any CPU
		Debug|Mixed Platforms = Debug|Mixed Platforms
		Debug|x86 = Debug|x86
		Release|Any CPU = Release|Any CPU
		Release|Mixed Platforms = Release|Mixed Platforms
		Release|x86 = Release|x86
	EndGlobalSection
	GlobalSection(ProjectConfigurationPlatforms) = postSolution
		{46A72B27-5051-45EC-A651-A8A4A53320F6}.Debug|Any CPU.ActiveCfg = Debug|Any CPU
		{46A72B27-5051-45EC-A651-A8A4A53320F6}.Debug|Any CPU.Build.0 = Debug|Any CPU
		{46A72B27-5051-45EC-A651-A8A4A53320F6}.Debug|Mixed Platforms.ActiveCfg = Debug|Any CPU
		{46A72B27-5051-45EC-A651-A8A4A53320F6}.Debug|Mixed Platforms.Build.0 = Debug|Any CPU
		{46A72B27-5051-45EC-A651-A8A4A53320F6}.Debug|x86.ActiveCfg = Debug|Any CPU
		{46A72B27-5051-45EC-A651-A8A4A53320F6}.Release|Any CPU.ActiveCfg = Release|Any CPU
		{46A72B27-5051-45EC-A651-A8A4A53320F6}.Release|Any CPU.Build.0 = Release|Any CPU
		{46A72B27-5051-45EC-A651-A8A4A53320F6}.Release|Mixed Platforms.ActiveCfg = Release|Any CPU
		{46A72B27-5051-45EC-A651-A8A4A53320F6}.Release|Mixed Platforms.Build.0 = Release|Any CPU
		{46A72B27-5051-45EC-A651-A8A4A53320F6}.Release|x86.ActiveCfg = Release|Any CPU
		{27BBE267-922F-4332-96F9-FDFC39D59907}.Debug|Any CPU.ActiveCfg = Debug|x86
		{27BBE267-922F-4332-96F9-FDFC39D59907}.Debug|Mixed Platforms.ActiveCfg = Debug|x86
		{27BBE267-922F-4332-96F9-FDFC39D59907}.Debug|Mixed Platforms.Build.0 = Debug|x86
		{27BBE267-922F-4332-96F9-FDFC39D59907}.Debug|x86.ActiveCfg = Debug|x86
		{27BBE267-922F-4332-96F9-FDFC39D59907}.Debug|x86.Build.0 = Debug|x86
		{27BBE267-922F-4332-96F9-FDFC39D59907}.Release|Any CPU.ActiveCfg = Release|x86
		{27BBE267-922F-4332-96F9-FDFC39D59907}.Release|Mixed Platforms.ActiveCfg = Release|x86
		{27BBE267-922F-4332-96F9-FDFC39D59907}.Release|Mixed Platforms.Build.0 = Release|x86
		{27BBE267-922F-4332-96F9-FDFC39D59907}.Release|x86.ActiveCfg = Release|x86
		{27BBE267-922F-4332-96F9-FDFC39D59907}.Release|x86.Build.0 = Release|x86
		{B96E1F34-1D3C-4CD8-8D91-8207111EAE98}.Debug|Any CPU.ActiveCfg = Debug|Any CPU
		{B96E1F34-1D3C-4CD8-8D91-8207111EAE98}.Debug|Any CPU.Build.0 = Debug|Any CPU
		{B96E1F34-1D3C-4CD8-8D91-8207111EAE98}.Debug|Mixed Platforms.ActiveCfg = Debug|Any CPU
		{B96E1F34-1D3C-4CD8-8D91-8207111EAE98}.Debug|Mixed Platforms.Build.0 = Debug|Any CPU
		{B96E1F34-1D3C-4CD8-8D91-8207111EAE98}.Debug|x86.ActiveCfg = Debug|Any CPU
		{B96E1F34-1D3C-4CD8-8D91-8207111EAE98}.Release|Any CPU.ActiveCfg = Release|Any CPU
		{B96E1F34-1D3C-4CD8-8D91-8207111EAE98}.Release|Any CPU.Build.0 = Release|Any CPU
		{B96E1F34-1D3C-4CD8-8D91-8207111EAE98}.Release|Mixed Platforms.ActiveCfg = Release|Any CPU
		{B96E1F34-1D3C-4CD8-8D91-8207111EAE98}.Release|Mixed Platforms.Build.0 = Release|Any CPU
		{B96E1F34-1D3C-4CD8-8D91-8207111EAE98}.Release|x86.ActiveCfg = Release|Any CPU
	EndGlobalSection
	GlobalSection(SolutionProperties) = preSolution
		HideSolutionNode = FALSE
	EndGlobalSection
EndGlobal
